// !$*UTF8*$!
{
	archiveVersion = 1;
	classes = {
	};
	objectVersion = 46;
	objects = {

/* Begin PBXBuildFile section */
		3B09EE811CDCB1B2009F1F52 /* main.m in Sources */ = {isa = PBXBuildFile; fileRef = 3B09EE801CDCB1B2009F1F52 /* main.m */; };
		3B09EE841CDCB1B2009F1F52 /* AppDelegate.m in Sources */ = {isa = PBXBuildFile; fileRef = 3B09EE831CDCB1B2009F1F52 /* AppDelegate.m */; };
		3B09EE871CDCB1B2009F1F52 /* ViewController.m in Sources */ = {isa = PBXBuildFile; fileRef = 3B09EE861CDCB1B2009F1F52 /* ViewController.m */; };
		3B09EE8A1CDCB1B2009F1F52 /* Main.storyboard in Resources */ = {isa = PBXBuildFile; fileRef = 3B09EE881CDCB1B2009F1F52 /* Main.storyboard */; };
		3B09EE8C1CDCB1B2009F1F52 /* Assets.xcassets in Resources */ = {isa = PBXBuildFile; fileRef = 3B09EE8B1CDCB1B2009F1F52 /* Assets.xcassets */; };
		3B09EE8F1CDCB1B2009F1F52 /* LaunchScreen.storyboard in Resources */ = {isa = PBXBuildFile; fileRef = 3B09EE8D1CDCB1B2009F1F52 /* LaunchScreen.storyboard */; };
		3B09EF431CDDCACC009F1F52 /* PhotoBrowserViewCell.m in Sources */ = {isa = PBXBuildFile; fileRef = 3B09EF311CDDCACC009F1F52 /* PhotoBrowserViewCell.m */; };
		3B09EF441CDDCACC009F1F52 /* PhotoBrowserViewController.m in Sources */ = {isa = PBXBuildFile; fileRef = 3B09EF331CDDCACC009F1F52 /* PhotoBrowserViewController.m */; };
		3B09EF451CDDCACC009F1F52 /* sl_arrow_back@2x.png in Resources */ = {isa = PBXBuildFile; fileRef = 3B09EF341CDDCACC009F1F52 /* sl_arrow_back@2x.png */; };
		3B09EF461CDDCACC009F1F52 /* waitingOrderSelected@2x.png in Resources */ = {isa = PBXBuildFile; fileRef = 3B09EF351CDDCACC009F1F52 /* waitingOrderSelected@2x.png */; };
		3B09EF471CDDCACC009F1F52 /* waitingUnselected@2x.png in Resources */ = {isa = PBXBuildFile; fileRef = 3B09EF361CDDCACC009F1F52 /* waitingUnselected@2x.png */; };
		3B09EF481CDDCACC009F1F52 /* SLImagePickerViewController.m in Sources */ = {isa = PBXBuildFile; fileRef = 3B09EF381CDDCACC009F1F52 /* SLImagePickerViewController.m */; };
		3B09EF491CDDCACC009F1F52 /* SLImageTableViewController.m in Sources */ = {isa = PBXBuildFile; fileRef = 3B09EF3A1CDDCACC009F1F52 /* SLImageTableViewController.m */; };
		3B09EF4A1CDDCACC009F1F52 /* SLPickerButton.m in Sources */ = {isa = PBXBuildFile; fileRef = 3B09EF3C1CDDCACC009F1F52 /* SLPickerButton.m */; };
		3B09EF4B1CDDCACC009F1F52 /* SLPickerCell.m in Sources */ = {isa = PBXBuildFile; fileRef = 3B09EF3E1CDDCACC009F1F52 /* SLPickerCell.m */; };
		3B09EF4C1CDDCACC009F1F52 /* SLPickerViewController.m in Sources */ = {isa = PBXBuildFile; fileRef = 3B09EF401CDDCACC009F1F52 /* SLPickerViewController.m */; };
		3B09EF4D1CDDCACC009F1F52 /* UIImage+SLExtension.m in Sources */ = {isa = PBXBuildFile; fileRef = 3B09EF421CDDCACC009F1F52 /* UIImage+SLExtension.m */; };
/* End PBXBuildFile section */

/* Begin PBXFileReference section */
		3B09EE7C1CDCB1B2009F1F52 /* SLImagePicker.app */ = {isa = PBXFileReference; explicitFileType = wrapper.application; includeInIndex = 0; path = SLImagePicker.app; sourceTree = BUILT_PRODUCTS_DIR; };
		3B09EE801CDCB1B2009F1F52 /* main.m */ = {isa = PBXFileReference; lastKnownFileType = sourcecode.c.objc; path = main.m; sourceTree = "<group>"; };
		3B09EE821CDCB1B2009F1F52 /* AppDelegate.h */ = {isa = PBXFileReference; lastKnownFileType = sourcecode.c.h; path = AppDelegate.h; sourceTree = "<group>"; };
		3B09EE831CDCB1B2009F1F52 /* AppDelegate.m */ = {isa = PBXFileReference; lastKnownFileType = sourcecode.c.objc; path = AppDelegate.m; sourceTree = "<group>"; };
		3B09EE851CDCB1B2009F1F52 /* ViewController.h */ = {isa = PBXFileReference; lastKnownFileType = sourcecode.c.h; path = ViewController.h; sourceTree = "<group>"; };
		3B09EE861CDCB1B2009F1F52 /* ViewController.m */ = {isa = PBXFileReference; lastKnownFileType = sourcecode.c.objc; path = ViewController.m; sourceTree = "<group>"; };
		3B09EE891CDCB1B2009F1F52 /* Base */ = {isa = PBXFileReference; lastKnownFileType = file.storyboard; name = Base; path = Base.lproj/Main.storyboard; sourceTree = "<group>"; };
		3B09EE8B1CDCB1B2009F1F52 /* Assets.xcassets */ = {isa = PBXFileReference; lastKnownFileType = folder.assetcatalog; path = Assets.xcassets; sourceTree = "<group>"; };
		3B09EE8E1CDCB1B2009F1F52 /* Base */ = {isa = PBXFileReference; lastKnownFileType = file.storyboard; name = Base; path = Base.lproj/LaunchScreen.storyboard; sourceTree = "<group>"; };
		3B09EE901CDCB1B2009F1F52 /* Info.plist */ = {isa = PBXFileReference; lastKnownFileType = text.plist.xml; path = Info.plist; sourceTree = "<group>"; };
		3B09EF301CDDCACC009F1F52 /* PhotoBrowserViewCell.h */ = {isa = PBXFileReference; fileEncoding = 4; lastKnownFileType = sourcecode.c.h; path = PhotoBrowserViewCell.h; sourceTree = "<group>"; };
		3B09EF311CDDCACC009F1F52 /* PhotoBrowserViewCell.m */ = {isa = PBXFileReference; fileEncoding = 4; lastKnownFileType = sourcecode.c.objc; path = PhotoBrowserViewCell.m; sourceTree = "<group>"; };
		3B09EF321CDDCACC009F1F52 /* PhotoBrowserViewController.h */ = {isa = PBXFileReference; fileEncoding = 4; lastKnownFileType = sourcecode.c.h; path = PhotoBrowserViewController.h; sourceTree = "<group>"; };
		3B09EF331CDDCACC009F1F52 /* PhotoBrowserViewController.m */ = {isa = PBXFileReference; fileEncoding = 4; lastKnownFileType = sourcecode.c.objc; path = PhotoBrowserViewController.m; sourceTree = "<group>"; };
		3B09EF341CDDCACC009F1F52 /* sl_arrow_back@2x.png */ = {isa = PBXFileReference; lastKnownFileType = image.png; path = "sl_arrow_back@2x.png"; sourceTree = "<group>"; };
		3B09EF351CDDCACC009F1F52 /* waitingOrderSelected@2x.png */ = {isa = PBXFileReference; lastKnownFileType = image.png; path = "waitingOrderSelected@2x.png"; sourceTree = "<group>"; };
		3B09EF361CDDCACC009F1F52 /* waitingUnselected@2x.png */ = {isa = PBXFileReference; lastKnownFileType = image.png; path = "waitingUnselected@2x.png"; sourceTree = "<group>"; };
		3B09EF371CDDCACC009F1F52 /* SLImagePickerViewController.h */ = {isa = PBXFileReference; fileEncoding = 4; lastKnownFileType = sourcecode.c.h; path = SLImagePickerViewController.h; sourceTree = "<group>"; };
		3B09EF381CDDCACC009F1F52 /* SLImagePickerViewController.m */ = {isa = PBXFileReference; fileEncoding = 4; lastKnownFileType = sourcecode.c.objc; path = SLImagePickerViewController.m; sourceTree = "<group>"; };
		3B09EF391CDDCACC009F1F52 /* SLImageTableViewController.h */ = {isa = PBXFileReference; fileEncoding = 4; lastKnownFileType = sourcecode.c.h; path = SLImageTableViewController.h; sourceTree = "<group>"; };
		3B09EF3A1CDDCACC009F1F52 /* SLImageTableViewController.m */ = {isa = PBXFileReference; fileEncoding = 4; lastKnownFileType = sourcecode.c.objc; path = SLImageTableViewController.m; sourceTree = "<group>"; };
		3B09EF3B1CDDCACC009F1F52 /* SLPickerButton.h */ = {isa = PBXFileReference; fileEncoding = 4; lastKnownFileType = sourcecode.c.h; path = SLPickerButton.h; sourceTree = "<group>"; };
		3B09EF3C1CDDCACC009F1F52 /* SLPickerButton.m */ = {isa = PBXFileReference; fileEncoding = 4; lastKnownFileType = sourcecode.c.objc; path = SLPickerButton.m; sourceTree = "<group>"; };
		3B09EF3D1CDDCACC009F1F52 /* SLPickerCell.h */ = {isa = PBXFileReference; fileEncoding = 4; lastKnownFileType = sourcecode.c.h; path = SLPickerCell.h; sourceTree = "<group>"; };
		3B09EF3E1CDDCACC009F1F52 /* SLPickerCell.m */ = {isa = PBXFileReference; fileEncoding = 4; lastKnownFileType = sourcecode.c.objc; path = SLPickerCell.m; sourceTree = "<group>"; };
		3B09EF3F1CDDCACC009F1F52 /* SLPickerViewController.h */ = {isa = PBXFileReference; fileEncoding = 4; lastKnownFileType = sourcecode.c.h; path = SLPickerViewController.h; sourceTree = "<group>"; };
		3B09EF401CDDCACC009F1F52 /* SLPickerViewController.m */ = {isa = PBXFileReference; fileEncoding = 4; lastKnownFileType = sourcecode.c.objc; path = SLPickerViewController.m; sourceTree = "<group>"; };
		3B09EF411CDDCACC009F1F52 /* UIImage+SLExtension.h */ = {isa = PBXFileReference; fileEncoding = 4; lastKnownFileType = sourcecode.c.h; path = "UIImage+SLExtension.h"; sourceTree = "<group>"; };
		3B09EF421CDDCACC009F1F52 /* UIImage+SLExtension.m */ = {isa = PBXFileReference; fileEncoding = 4; lastKnownFileType = sourcecode.c.objc; path = "UIImage+SLExtension.m"; sourceTree = "<group>"; };
/* End PBXFileReference section */

/* Begin PBXFrameworksBuildPhase section */
		3B09EE791CDCB1B2009F1F52 /* Frameworks */ = {
			isa = PBXFrameworksBuildPhase;
			buildActionMask = 2147483647;
			files = (
			);
			runOnlyForDeploymentPostprocessing = 0;
		};
/* End PBXFrameworksBuildPhase section */

/* Begin PBXGroup section */
		3B09EE731CDCB1B2009F1F52 = {
			isa = PBXGroup;
			children = (
				3B09EE7E1CDCB1B2009F1F52 /* SLImagePicker */,
				3B09EE7D1CDCB1B2009F1F52 /* Products */,
			);
			sourceTree = "<group>";
		};
		3B09EE7D1CDCB1B2009F1F52 /* Products */ = {
			isa = PBXGroup;
			children = (
				3B09EE7C1CDCB1B2009F1F52 /* SLImagePicker.app */,
			);
			name = Products;
			sourceTree = "<group>";
		};
		3B09EE7E1CDCB1B2009F1F52 /* SLImagePicker */ = {
			isa = PBXGroup;
			children = (
				3B09EF2E1CDDCACC009F1F52 /* SLImagePicker */,
				3B09EE821CDCB1B2009F1F52 /* AppDelegate.h */,
				3B09EE831CDCB1B2009F1F52 /* AppDelegate.m */,
				3B09EE851CDCB1B2009F1F52 /* ViewController.h */,
				3B09EE861CDCB1B2009F1F52 /* ViewController.m */,
				3B09EE881CDCB1B2009F1F52 /* Main.storyboard */,
				3B09EE8B1CDCB1B2009F1F52 /* Assets.xcassets */,
				3B09EE8D1CDCB1B2009F1F52 /* LaunchScreen.storyboard */,
				3B09EE901CDCB1B2009F1F52 /* Info.plist */,
				3B09EE7F1CDCB1B2009F1F52 /* Supporting Files */,
			);
			path = SLImagePicker;
			sourceTree = "<group>";
		};
		3B09EE7F1CDCB1B2009F1F52 /* Supporting Files */ = {
			isa = PBXGroup;
			children = (
				3B09EE801CDCB1B2009F1F52 /* main.m */,
			);
			name = "Supporting Files";
			sourceTree = "<group>";
		};
		3B09EF2E1CDDCACC009F1F52 /* SLImagePicker */ = {
			isa = PBXGroup;
			children = (
				3B09EF2F1CDDCACC009F1F52 /* PhotoBrowser */,
				3B09EF371CDDCACC009F1F52 /* SLImagePickerViewController.h */,
				3B09EF381CDDCACC009F1F52 /* SLImagePickerViewController.m */,
				3B09EF391CDDCACC009F1F52 /* SLImageTableViewController.h */,
				3B09EF3A1CDDCACC009F1F52 /* SLImageTableViewController.m */,
				3B09EF3B1CDDCACC009F1F52 /* SLPickerButton.h */,
				3B09EF3C1CDDCACC009F1F52 /* SLPickerButton.m */,
				3B09EF3D1CDDCACC009F1F52 /* SLPickerCell.h */,
				3B09EF3E1CDDCACC009F1F52 /* SLPickerCell.m */,
				3B09EF3F1CDDCACC009F1F52 /* SLPickerViewController.h */,
				3B09EF401CDDCACC009F1F52 /* SLPickerViewController.m */,
				3B09EF411CDDCACC009F1F52 /* UIImage+SLExtension.h */,
				3B09EF421CDDCACC009F1F52 /* UIImage+SLExtension.m */,
			);
			path = SLImagePicker;
			sourceTree = "<group>";
		};
		3B09EF2F1CDDCACC009F1F52 /* PhotoBrowser */ = {
			isa = PBXGroup;
			children = (
				3B09EF301CDDCACC009F1F52 /* PhotoBrowserViewCell.h */,
				3B09EF311CDDCACC009F1F52 /* PhotoBrowserViewCell.m */,
				3B09EF321CDDCACC009F1F52 /* PhotoBrowserViewController.h */,
				3B09EF331CDDCACC009F1F52 /* PhotoBrowserViewController.m */,
				3B09EF341CDDCACC009F1F52 /* sl_arrow_back@2x.png */,
				3B09EF351CDDCACC009F1F52 /* waitingOrderSelected@2x.png */,
				3B09EF361CDDCACC009F1F52 /* waitingUnselected@2x.png */,
			);
			path = PhotoBrowser;
			sourceTree = "<group>";
		};
/* End PBXGroup section */

/* Begin PBXNativeTarget section */
		3B09EE7B1CDCB1B2009F1F52 /* SLImagePicker */ = {
			isa = PBXNativeTarget;
			buildConfigurationList = 3B09EE931CDCB1B2009F1F52 /* Build configuration list for PBXNativeTarget "SLImagePicker" */;
			buildPhases = (
				3B09EE781CDCB1B2009F1F52 /* Sources */,
				3B09EE791CDCB1B2009F1F52 /* Frameworks */,
				3B09EE7A1CDCB1B2009F1F52 /* Resources */,
			);
			buildRules = (
			);
			dependencies = (
			);
			name = SLImagePicker;
			productName = SLImagePicker;
			productReference = 3B09EE7C1CDCB1B2009F1F52 /* SLImagePicker.app */;
			productType = "com.apple.product-type.application";
		};
/* End PBXNativeTarget section */

/* Begin PBXProject section */
		3B09EE741CDCB1B2009F1F52 /* Project object */ = {
			isa = PBXProject;
			attributes = {
				LastUpgradeCheck = 0730;
				ORGANIZATIONNAME = songlong;
				TargetAttributes = {
					3B09EE7B1CDCB1B2009F1F52 = {
						CreatedOnToolsVersion = 7.3;
					};
				};
			};
			buildConfigurationList = 3B09EE771CDCB1B2009F1F52 /* Build configuration list for PBXProject "SLImagePicker" */;
			compatibilityVersion = "Xcode 3.2";
			developmentRegion = English;
			hasScannedForEncodings = 0;
			knownRegions = (
				en,
				Base,
			);
			mainGroup = 3B09EE731CDCB1B2009F1F52;
			productRefGroup = 3B09EE7D1CDCB1B2009F1F52 /* Products */;
			projectDirPath = "";
			projectRoot = "";
			targets = (
				3B09EE7B1CDCB1B2009F1F52 /* SLImagePicker */,
			);
		};
/* End PBXProject section */

/* Begin PBXResourcesBuildPhase section */
		3B09EE7A1CDCB1B2009F1F52 /* Resources */ = {
			isa = PBXResourcesBuildPhase;
			buildActionMask = 2147483647;
			files = (
				3B09EF471CDDCACC009F1F52 /* waitingUnselected@2x.png in Resources */,
				3B09EE8F1CDCB1B2009F1F52 /* LaunchScreen.storyboard in Resources */,
				3B09EF461CDDCACC009F1F52 /* waitingOrderSelected@2x.png in Resources */,
				3B09EE8C1CDCB1B2009F1F52 /* Assets.xcassets in Resources */,
				3B09EF451CDDCACC009F1F52 /* sl_arrow_back@2x.png in Resources */,
				3B09EE8A1CDCB1B2009F1F52 /* Main.storyboard in Resources */,
			);
			runOnlyForDeploymentPostprocessing = 0;
		};
/* End PBXResourcesBuildPhase section */

/* Begin PBXSourcesBuildPhase section */
		3B09EE781CDCB1B2009F1F52 /* Sources */ = {
			isa = PBXSourcesBuildPhase;
			buildActionMask = 2147483647;
			files = (
				3B09EE871CDCB1B2009F1F52 /* ViewController.m in Sources */,
				3B09EF481CDDCACC009F1F52 /* SLImagePickerViewController.m in Sources */,
				3B09EF4B1CDDCACC009F1F52 /* SLPickerCell.m in Sources */,
				3B09EF441CDDCACC009F1F52 /* PhotoBrowserViewController.m in Sources */,
				3B09EE841CDCB1B2009F1F52 /* AppDelegate.m in Sources */,
				3B09EF4D1CDDCACC009F1F52 /* UIImage+SLExtension.m in Sources */,
				3B09EF4A1CDDCACC009F1F52 /* SLPickerButton.m in Sources */,
				3B09EF491CDDCACC009F1F52 /* SLImageTableViewController.m in Sources */,
				3B09EF431CDDCACC009F1F52 /* PhotoBrowserViewCell.m in Sources */,
				3B09EE811CDCB1B2009F1F52 /* main.m in Sources */,
				3B09EF4C1CDDCACC009F1F52 /* SLPickerViewController.m in Sources */,
			);
			runOnlyForDeploymentPostprocessing = 0;
		};
/* End PBXSourcesBuildPhase section */

/* Begin PBXVariantGroup section */
		3B09EE881CDCB1B2009F1F52 /* Main.storyboard */ = {
			isa = PBXVariantGroup;
			children = (
				3B09EE891CDCB1B2009F1F52 /* Base */,
			);
			name = Main.storyboard;
			sourceTree = "<group>";
		};
		3B09EE8D1CDCB1B2009F1F52 /* LaunchScreen.storyboard */ = {
			isa = PBXVariantGroup;
			children = (
				3B09EE8E1CDCB1B2009F1F52 /* Base */,
			);
			name = LaunchScreen.storyboard;
			sourceTree = "<group>";
		};
/* End PBXVariantGroup section */

/* Begin XCBuildConfiguration section */
		3B09EE911CDCB1B2009F1F52 /* Debug */ = {
			isa = XCBuildConfiguration;
			buildSettings = {
				ALWAYS_SEARCH_USER_PATHS = NO;
				CLANG_ANALYZER_NONNULL = YES;
				CLANG_CXX_LANGUAGE_STANDARD = "gnu++0x";
				CLANG_CXX_LIBRARY = "libc++";
				CLANG_ENABLE_MODULES = YES;
				CLANG_ENABLE_OBJC_ARC = YES;
				CLANG_WARN_BOOL_CONVERSION = YES;
				CLANG_WARN_CONSTANT_CONVERSION = YES;
				CLANG_WARN_DIRECT_OBJC_ISA_USAGE = YES_ERROR;
				CLANG_WARN_EMPTY_BODY = YES;
				CLANG_WARN_ENUM_CONVERSION = YES;
				CLANG_WARN_INT_CONVERSION = YES;
				CLANG_WARN_OBJC_ROOT_CLASS = YES_ERROR;
				CLANG_WARN_UNREACHABLE_CODE = YES;
				CLANG_WARN__DUPLICATE_METHOD_MATCH = YES;
				"CODE_SIGN_IDENTITY[sdk=iphoneos*]" = "iPhone Developer";
				COPY_PHASE_STRIP = NO;
				DEBUG_INFORMATION_FORMAT = dwarf;
				ENABLE_STRICT_OBJC_MSGSEND = YES;
				ENABLE_TESTABILITY = YES;
				GCC_C_LANGUAGE_STANDARD = gnu99;
				GCC_DYNAMIC_NO_PIC = NO;
				GCC_NO_COMMON_BLOCKS = YES;
				GCC_OPTIMIZATION_LEVEL = 0;
				GCC_PREPROCESSOR_DEFINITIONS = (
					"DEBUG=1",
					"$(inherited)",
				);
				GCC_WARN_64_TO_32_BIT_CONVERSION = YES;
				GCC_WARN_ABOUT_RETURN_TYPE = YES_ERROR;
				GCC_WARN_UNDECLARED_SELECTOR = YES;
				GCC_WARN_UNINITIALIZED_AUTOS = YES_AGGRESSIVE;
				GCC_WARN_UNUSED_FUNCTION = YES;
				GCC_WARN_UNUSED_VARIABLE = YES;
				IPHONEOS_DEPLOYMENT_TARGET = 9.3;
				MTL_ENABLE_DEBUG_INFO = YES;
				ONLY_ACTIVE_ARCH = YES;
				SDKROOT = iphoneos;
			};
			name = Debug;
		};
		3B09EE921CDCB1B2009F1F52 /* Release */ = {
			isa = XCBuildConfiguration;
			buildSettings = {
				ALWAYS_SEARCH_USER_PATHS = NO;
				CLANG_ANALYZER_NONNULL = YES;
				CLANG_CXX_LANGUAGE_STANDARD = "gnu++0x";
				CLANG_CXX_LIBRARY = "libc++";
				CLANG_ENABLE_MODULES = YES;
				CLANG_ENABLE_OBJC_ARC = YES;
				CLANG_WARN_BOOL_CONVERSION = YES;
				CLANG_WARN_CONSTANT_CONVERSION = YES;
				CLANG_WARN_DIRECT_OBJC_ISA_USAGE = YES_ERROR;
				CLANG_WARN_EMPTY_BODY = YES;
				CLANG_WARN_ENUM_CONVERSION = YES;
				CLANG_WARN_INT_CONVERSION = YES;
				CLANG_WARN_OBJC_ROOT_CLASS = YES_ERROR;
				CLANG_WARN_UNREACHABLE_CODE = YES;
				CLANG_WARN__DUPLICATE_METHOD_MATCH = YES;
				"CODE_SIGN_IDENTITY[sdk=iphoneos*]" = "iPhone Developer";
				COPY_PHASE_STRIP = NO;
				DEBUG_INFORMATION_FORMAT = "dwarf-with-dsym";
				ENABLE_NS_ASSERTIONS = NO;
				ENABLE_STRICT_OBJC_MSGSEND = YES;
				GCC_C_LANGUAGE_STANDARD = gnu99;
				GCC_NO_COMMON_BLOCKS = YES;
				GCC_WARN_64_TO_32_BIT_CONVERSION = YES;
				GCC_WARN_ABOUT_RETURN_TYPE = YES_ERROR;
				GCC_WARN_UNDECLARED_SELECTOR = YES;
				GCC_WARN_UNINITIALIZED_AUTOS = YES_AGGRESSIVE;
				GCC_WARN_UNUSED_FUNCTION = YES;
				GCC_WARN_UNUSED_VARIABLE = YES;
				IPHONEOS_DEPLOYMENT_TARGET = 9.3;
				MTL_ENABLE_DEBUG_INFO = NO;
				SDKROOT = iphoneos;
				VALIDATE_PRODUCT = YES;
			};
			name = Release;
		};
		3B09EE941CDCB1B2009F1F52 /* Debug */ = {
			isa = XCBuildConfiguration;
			buildSettings = {
				ASSETCATALOG_COMPILER_APPICON_NAME = AppIcon;
				INFOPLIST_FILE = SLImagePicker/Info.plist;
				IPHONEOS_DEPLOYMENT_TARGET = 6.0;
				LD_RUNPATH_SEARCH_PATHS = "$(inherited) @executable_path/Frameworks";
				PRODUCT_BUNDLE_IDENTIFIER = cn.songlong.SLImagePicker;
				PRODUCT_NAME = "$(TARGET_NAME)";
			};
			name = Debug;
		};
		3B09EE951CDCB1B2009F1F52 /* Release */ = {
			isa = XCBuildConfiguration;
			buildSettings = {
				ASSETCATALOG_COMPILER_APPICON_NAME = AppIcon;
				INFOPLIST_FILE = SLImagePicker/Info.plist;
				IPHONEOS_DEPLOYMENT_TARGET = 6.0;
				LD_RUNPATH_SEARCH_PATHS = "$(inherited) @executable_path/Frameworks";
				PRODUCT_BUNDLE_IDENTIFIER = cn.songlong.SLImagePicker;
				PRODUCT_NAME = "$(TARGET_NAME)";
			};
			name = Release;
		};
/* End XCBuildConfiguration section */

/* Begin XCConfigurationList section */
		3B09EE771CDCB1B2009F1F52 /* Build configuration list for PBXProject "SLImagePicker" */ = {
			isa = XCConfigurationList;
			buildConfigurations = (
				3B09EE911CDCB1B2009F1F52 /* Debug */,
				3B09EE921CDCB1B2009F1F52 /* Release */,
			);
			defaultConfigurationIsVisible = 0;
			defaultConfigurationName = Release;
		};
		3B09EE931CDCB1B2009F1F52 /* Build configuration list for PBXNativeTarget "SLImagePicker" */ = {
			isa = XCConfigurationList;
			buildConfigurations = (
				3B09EE941CDCB1B2009F1F52 /* Debug */,
				3B09EE951CDCB1B2009F1F52 /* Release */,
			);
			defaultConfigurationIsVisible = 0;
			defaultConfigurationName = Release;
		};
/* End XCConfigurationList section */
	};
	rootObject = 3B09EE741CDCB1B2009F1F52 /* Project object */;
}
